// !$*UTF8*$!
{
	archiveVersion = 1;
	classes = {
	};
	objectVersion = 48;
	objects = {

/* Begin PBXBuildFile section */
		02D7A22F66DED972D805131B /* libPods-GMatchingKit.a in Frameworks */ = {isa = PBXBuildFile; fileRef = EF071CA1E3C0DD70587CB7B1 /* libPods-GMatchingKit.a */; };
		2BDCBEF12085CBCC000055FE /* AppDelegate.m in Sources */ = {isa = PBXBuildFile; fileRef = 2BDCBEF02085CBCC000055FE /* AppDelegate.m */; };
		2BDCBEF42085CBCC000055FE /* ViewController.m in Sources */ = {isa = PBXBuildFile; fileRef = 2BDCBEF32085CBCC000055FE /* ViewController.m */; };
		2BDCBEF72085CBCC000055FE /* Main.storyboard in Resources */ = {isa = PBXBuildFile; fileRef = 2BDCBEF52085CBCC000055FE /* Main.storyboard */; };
		2BDCBEF92085CBCC000055FE /* Assets.xcassets in Resources */ = {isa = PBXBuildFile; fileRef = 2BDCBEF82085CBCC000055FE /* Assets.xcassets */; };
		2BDCBEFC2085CBCC000055FE /* LaunchScreen.storyboard in Resources */ = {isa = PBXBuildFile; fileRef = 2BDCBEFA2085CBCC000055FE /* LaunchScreen.storyboard */; };
		2BDCBEFF2085CBCC000055FE /* main.m in Sources */ = {isa = PBXBuildFile; fileRef = 2BDCBEFE2085CBCC000055FE /* main.m */; };
		2BDCBF092085CBCC000055FE /* GMatchingKitTests.m in Sources */ = {isa = PBXBuildFile; fileRef = 2BDCBF082085CBCC000055FE /* GMatchingKitTests.m */; };
		2BDCBF142085CBCC000055FE /* GMatchingKitUITests.m in Sources */ = {isa = PBXBuildFile; fileRef = 2BDCBF132085CBCC000055FE /* GMatchingKitUITests.m */; };
		2BDCBF6C20877645000055FE /* GACMatcherProcessor.m in Sources */ = {isa = PBXBuildFile; fileRef = 2BDCBF5C20877645000055FE /* GACMatcherProcessor.m */; };
		2BDCBF6D20877645000055FE /* GRegexMatcherProcessor.m in Sources */ = {isa = PBXBuildFile; fileRef = 2BDCBF6020877645000055FE /* GRegexMatcherProcessor.m */; };
		2BDCBF6F20877645000055FE /* GThreadSafeArray.m in Sources */ = {isa = PBXBuildFile; fileRef = 2BDCBF6420877645000055FE /* GThreadSafeArray.m */; };
		2BDCBF7020877645000055FE /* GMatcherResult.m in Sources */ = {isa = PBXBuildFile; fileRef = 2BDCBF6820877645000055FE /* GMatcherResult.m */; };
		2BDCBF7120877645000055FE /* GThreadSafeDictionary.m in Sources */ = {isa = PBXBuildFile; fileRef = 2BDCBF6920877645000055FE /* GThreadSafeDictionary.m */; };
		2BDCBF7220877645000055FE /* GMatcherExpression.m in Sources */ = {isa = PBXBuildFile; fileRef = 2BDCBF6B20877645000055FE /* GMatcherExpression.m */; };
		2BDCBF7520877800000055FE /* SearchStringTest.m in Sources */ = {isa = PBXBuildFile; fileRef = 2BDCBF7420877800000055FE /* SearchStringTest.m */; };
		2BDCBF9C20889963000055FE /* GKMPMatcherProcessor.m in Sources */ = {isa = PBXBuildFile; fileRef = 2BDCBF9B20889963000055FE /* GKMPMatcherProcessor.m */; };
		2BDE30BD23546B2E00112C77 /* ZYAttributedFactory.m in Sources */ = {isa = PBXBuildFile; fileRef = 2BDE30B723546B2E00112C77 /* ZYAttributedFactory.m */; };
		2BDE30BE23546B2E00112C77 /* ZYAttributedToken.m in Sources */ = {isa = PBXBuildFile; fileRef = 2BDE30BB23546B2E00112C77 /* ZYAttributedToken.m */; };
		2BDE30BF23546B2E00112C77 /* ZYAttributedConfig.m in Sources */ = {isa = PBXBuildFile; fileRef = 2BDE30BC23546B2E00112C77 /* ZYAttributedConfig.m */; };
		2BDE30C223546C4200112C77 /* ZYRichLabelController.m in Sources */ = {isa = PBXBuildFile; fileRef = 2BDE30C023546C4200112C77 /* ZYRichLabelController.m */; };
		2BDE30C523546E6D00112C77 /* ZYTokenAppearance.m in Sources */ = {isa = PBXBuildFile; fileRef = 2BDE30C423546E6D00112C77 /* ZYTokenAppearance.m */; };
		7B0B2F30F9B62C9FCC9F4660 /* libPods-GMatchingKitUITests.a in Frameworks */ = {isa = PBXBuildFile; fileRef = 9B3D140B9B50E5D4BD25AA80 /* libPods-GMatchingKitUITests.a */; };
		D9EE9A88DAED319625C76BFB /* libPods-GMatchingKitTests.a in Frameworks */ = {isa = PBXBuildFile; fileRef = C24B33D737A5D000A64ACA91 /* libPods-GMatchingKitTests.a */; };
/* End PBXBuildFile section */

/* Begin PBXContainerItemProxy section */
		2BDCBF052085CBCC000055FE /* PBXContainerItemProxy */ = {
			isa = PBXContainerItemProxy;
			containerPortal = 2BDCBEE42085CBCC000055FE /* Project object */;
			proxyType = 1;
			remoteGlobalIDString = 2BDCBEEB2085CBCC000055FE;
			remoteInfo = GMatchingKit;
		};
		2BDCBF102085CBCC000055FE /* PBXContainerItemProxy */ = {
			isa = PBXContainerItemProxy;
			containerPortal = 2BDCBEE42085CBCC000055FE /* Project object */;
			proxyType = 1;
			remoteGlobalIDString = 2BDCBEEB2085CBCC000055FE;
			remoteInfo = GMatchingKit;
		};
/* End PBXContainerItemProxy section */

/* Begin PBXFileReference section */
		15521A27C26DF5E313CAD70D /* Pods-GMatchingKit.debug.xcconfig */ = {isa = PBXFileReference; includeInIndex = 1; lastKnownFileType = text.xcconfig; name = "Pods-GMatchingKit.debug.xcconfig"; path = "Target Support Files/Pods-GMatchingKit/Pods-GMatchingKit.debug.xcconfig"; sourceTree = "<group>"; };
		1A2FA2F53126F58C35067FAA /* Pods-GMatchingKit.release.xcconfig */ = {isa = PBXFileReference; includeInIndex = 1; lastKnownFileType = text.xcconfig; name = "Pods-GMatchingKit.release.xcconfig"; path = "Target Support Files/Pods-GMatchingKit/Pods-GMatchingKit.release.xcconfig"; sourceTree = "<group>"; };
		2BDCBEEC2085CBCC000055FE /* GMatchingKit.app */ = {isa = PBXFileReference; explicitFileType = wrapper.application; includeInIndex = 0; path = GMatchingKit.app; sourceTree = BUILT_PRODUCTS_DIR; };
		2BDCBEEF2085CBCC000055FE /* AppDelegate.h */ = {isa = PBXFileReference; lastKnownFileType = sourcecode.c.h; path = AppDelegate.h; sourceTree = "<group>"; };
		2BDCBEF02085CBCC000055FE /* AppDelegate.m */ = {isa = PBXFileReference; lastKnownFileType = sourcecode.c.objc; path = AppDelegate.m; sourceTree = "<group>"; };
		2BDCBEF22085CBCC000055FE /* ViewController.h */ = {isa = PBXFileReference; lastKnownFileType = sourcecode.c.h; path = ViewController.h; sourceTree = "<group>"; };
		2BDCBEF32085CBCC000055FE /* ViewController.m */ = {isa = PBXFileReference; lastKnownFileType = sourcecode.c.objc; path = ViewController.m; sourceTree = "<group>"; };
		2BDCBEF62085CBCC000055FE /* Base */ = {isa = PBXFileReference; lastKnownFileType = file.storyboard; name = Base; path = Base.lproj/Main.storyboard; sourceTree = "<group>"; };
		2BDCBEF82085CBCC000055FE /* Assets.xcassets */ = {isa = PBXFileReference; lastKnownFileType = folder.assetcatalog; path = Assets.xcassets; sourceTree = "<group>"; };
		2BDCBEFB2085CBCC000055FE /* Base */ = {isa = PBXFileReference; lastKnownFileType = file.storyboard; name = Base; path = Base.lproj/LaunchScreen.storyboard; sourceTree = "<group>"; };
		2BDCBEFD2085CBCC000055FE /* Info.plist */ = {isa = PBXFileReference; lastKnownFileType = text.plist.xml; path = Info.plist; sourceTree = "<group>"; };
		2BDCBEFE2085CBCC000055FE /* main.m */ = {isa = PBXFileReference; lastKnownFileType = sourcecode.c.objc; path = main.m; sourceTree = "<group>"; };
		2BDCBF042085CBCC000055FE /* GMatchingKitTests.xctest */ = {isa = PBXFileReference; explicitFileType = wrapper.cfbundle; includeInIndex = 0; path = GMatchingKitTests.xctest; sourceTree = BUILT_PRODUCTS_DIR; };
		2BDCBF082085CBCC000055FE /* GMatchingKitTests.m */ = {isa = PBXFileReference; lastKnownFileType = sourcecode.c.objc; path = GMatchingKitTests.m; sourceTree = "<group>"; };
		2BDCBF0A2085CBCC000055FE /* Info.plist */ = {isa = PBXFileReference; lastKnownFileType = text.plist.xml; path = Info.plist; sourceTree = "<group>"; };
		2BDCBF0F2085CBCC000055FE /* GMatchingKitUITests.xctest */ = {isa = PBXFileReference; explicitFileType = wrapper.cfbundle; includeInIndex = 0; path = GMatchingKitUITests.xctest; sourceTree = BUILT_PRODUCTS_DIR; };
		2BDCBF132085CBCC000055FE /* GMatchingKitUITests.m */ = {isa = PBXFileReference; lastKnownFileType = sourcecode.c.objc; path = GMatchingKitUITests.m; sourceTree = "<group>"; };
		2BDCBF152085CBCC000055FE /* Info.plist */ = {isa = PBXFileReference; lastKnownFileType = text.plist.xml; path = Info.plist; sourceTree = "<group>"; };
		2BDCBF5C20877645000055FE /* GACMatcherProcessor.m */ = {isa = PBXFileReference; fileEncoding = 4; lastKnownFileType = sourcecode.c.objc; path = GACMatcherProcessor.m; sourceTree = "<group>"; };
		2BDCBF5D20877645000055FE /* GRegexMatcherProcessor.h */ = {isa = PBXFileReference; fileEncoding = 4; lastKnownFileType = sourcecode.c.h; path = GRegexMatcherProcessor.h; sourceTree = "<group>"; };
		2BDCBF5F20877645000055FE /* GACMatcherProcessor.h */ = {isa = PBXFileReference; fileEncoding = 4; lastKnownFileType = sourcecode.c.h; path = GACMatcherProcessor.h; sourceTree = "<group>"; };
		2BDCBF6020877645000055FE /* GRegexMatcherProcessor.m */ = {isa = PBXFileReference; fileEncoding = 4; lastKnownFileType = sourcecode.c.objc; path = GRegexMatcherProcessor.m; sourceTree = "<group>"; };
		2BDCBF6120877645000055FE /* IMatcherProcessor.h */ = {isa = PBXFileReference; fileEncoding = 4; lastKnownFileType = sourcecode.c.h; path = IMatcherProcessor.h; sourceTree = "<group>"; };
		2BDCBF6420877645000055FE /* GThreadSafeArray.m */ = {isa = PBXFileReference; fileEncoding = 4; lastKnownFileType = sourcecode.c.objc; path = GThreadSafeArray.m; sourceTree = "<group>"; };
		2BDCBF6520877645000055FE /* GMatcherResult.h */ = {isa = PBXFileReference; fileEncoding = 4; lastKnownFileType = sourcecode.c.h; path = GMatcherResult.h; sourceTree = "<group>"; };
		2BDCBF6620877645000055FE /* GThreadSafeDictionary.h */ = {isa = PBXFileReference; fileEncoding = 4; lastKnownFileType = sourcecode.c.h; path = GThreadSafeDictionary.h; sourceTree = "<group>"; };
		2BDCBF6720877645000055FE /* GThreadSafeArray.h */ = {isa = PBXFileReference; fileEncoding = 4; lastKnownFileType = sourcecode.c.h; path = GThreadSafeArray.h; sourceTree = "<group>"; };
		2BDCBF6820877645000055FE /* GMatcherResult.m */ = {isa = PBXFileReference; fileEncoding = 4; lastKnownFileType = sourcecode.c.objc; path = GMatcherResult.m; sourceTree = "<group>"; };
		2BDCBF6920877645000055FE /* GThreadSafeDictionary.m */ = {isa = PBXFileReference; fileEncoding = 4; lastKnownFileType = sourcecode.c.objc; path = GThreadSafeDictionary.m; sourceTree = "<group>"; };
		2BDCBF6A20877645000055FE /* GMatcherExpression.h */ = {isa = PBXFileReference; fileEncoding = 4; lastKnownFileType = sourcecode.c.h; path = GMatcherExpression.h; sourceTree = "<group>"; };
		2BDCBF6B20877645000055FE /* GMatcherExpression.m */ = {isa = PBXFileReference; fileEncoding = 4; lastKnownFileType = sourcecode.c.objc; path = GMatcherExpression.m; sourceTree = "<group>"; };
		2BDCBF7320877800000055FE /* SearchStringTest.h */ = {isa = PBXFileReference; lastKnownFileType = sourcecode.c.h; path = SearchStringTest.h; sourceTree = "<group>"; };
		2BDCBF7420877800000055FE /* SearchStringTest.m */ = {isa = PBXFileReference; lastKnownFileType = sourcecode.c.objc; path = SearchStringTest.m; sourceTree = "<group>"; };
		2BDCBF992088953B000055FE /* IMatcherObject.h */ = {isa = PBXFileReference; lastKnownFileType = sourcecode.c.h; path = IMatcherObject.h; sourceTree = "<group>"; };
		2BDCBF9A20889963000055FE /* GKMPMatcherProcessor.h */ = {isa = PBXFileReference; lastKnownFileType = sourcecode.c.h; path = GKMPMatcherProcessor.h; sourceTree = "<group>"; };
		2BDCBF9B20889963000055FE /* GKMPMatcherProcessor.m */ = {isa = PBXFileReference; lastKnownFileType = sourcecode.c.objc; path = GKMPMatcherProcessor.m; sourceTree = "<group>"; };
		2BDE30B723546B2E00112C77 /* ZYAttributedFactory.m */ = {isa = PBXFileReference; fileEncoding = 4; lastKnownFileType = sourcecode.c.objc; path = ZYAttributedFactory.m; sourceTree = "<group>"; };
		2BDE30B823546B2E00112C77 /* ZYAttributedConfig.h */ = {isa = PBXFileReference; fileEncoding = 4; lastKnownFileType = sourcecode.c.h; path = ZYAttributedConfig.h; sourceTree = "<group>"; };
		2BDE30B923546B2E00112C77 /* ZYAttributedToken.h */ = {isa = PBXFileReference; fileEncoding = 4; lastKnownFileType = sourcecode.c.h; path = ZYAttributedToken.h; sourceTree = "<group>"; };
		2BDE30BA23546B2E00112C77 /* ZYAttributedFactory.h */ = {isa = PBXFileReference; fileEncoding = 4; lastKnownFileType = sourcecode.c.h; path = ZYAttributedFactory.h; sourceTree = "<group>"; };
		2BDE30BB23546B2E00112C77 /* ZYAttributedToken.m */ = {isa = PBXFileReference; fileEncoding = 4; lastKnownFileType = sourcecode.c.objc; path = ZYAttributedToken.m; sourceTree = "<group>"; };
		2BDE30BC23546B2E00112C77 /* ZYAttributedConfig.m */ = {isa = PBXFileReference; fileEncoding = 4; lastKnownFileType = sourcecode.c.objc; path = ZYAttributedConfig.m; sourceTree = "<group>"; };
		2BDE30C023546C4200112C77 /* ZYRichLabelController.m */ = {isa = PBXFileReference; fileEncoding = 4; lastKnownFileType = sourcecode.c.objc; path = ZYRichLabelController.m; sourceTree = "<group>"; };
		2BDE30C123546C4200112C77 /* ZYRichLabelController.h */ = {isa = PBXFileReference; fileEncoding = 4; lastKnownFileType = sourcecode.c.h; path = ZYRichLabelController.h; sourceTree = "<group>"; };
		2BDE30C323546E6D00112C77 /* ZYTokenAppearance.h */ = {isa = PBXFileReference; lastKnownFileType = sourcecode.c.h; path = ZYTokenAppearance.h; sourceTree = "<group>"; };
		2BDE30C423546E6D00112C77 /* ZYTokenAppearance.m */ = {isa = PBXFileReference; lastKnownFileType = sourcecode.c.objc; path = ZYTokenAppearance.m; sourceTree = "<group>"; };
		3107DEF745C41A58A1148128 /* Pods-GMatchingKitTests.debug.xcconfig */ = {isa = PBXFileReference; includeInIndex = 1; lastKnownFileType = text.xcconfig; name = "Pods-GMatchingKitTests.debug.xcconfig"; path = "Target Support Files/Pods-GMatchingKitTests/Pods-GMatchingKitTests.debug.xcconfig"; sourceTree = "<group>"; };
		6ADC22C63C98FD7BD274C69A /* Pods-GMatchingKitUITests.debug.xcconfig */ = {isa = PBXFileReference; includeInIndex = 1; lastKnownFileType = text.xcconfig; name = "Pods-GMatchingKitUITests.debug.xcconfig"; path = "Target Support Files/Pods-GMatchingKitUITests/Pods-GMatchingKitUITests.debug.xcconfig"; sourceTree = "<group>"; };
		7BA8A70578836C9687DBA984 /* Pods-GMatchingKitTests.release.xcconfig */ = {isa = PBXFileReference; includeInIndex = 1; lastKnownFileType = text.xcconfig; name = "Pods-GMatchingKitTests.release.xcconfig"; path = "Target Support Files/Pods-GMatchingKitTests/Pods-GMatchingKitTests.release.xcconfig"; sourceTree = "<group>"; };
		9B3D140B9B50E5D4BD25AA80 /* libPods-GMatchingKitUITests.a */ = {isa = PBXFileReference; explicitFileType = archive.ar; includeInIndex = 0; path = "libPods-GMatchingKitUITests.a"; sourceTree = BUILT_PRODUCTS_DIR; };
		A88D99C1A7CB7CD406EEF740 /* Pods-GMatchingKitUITests.release.xcconfig */ = {isa = PBXFileReference; includeInIndex = 1; lastKnownFileType = text.xcconfig; name = "Pods-GMatchingKitUITests.release.xcconfig"; path = "Target Support Files/Pods-GMatchingKitUITests/Pods-GMatchingKitUITests.release.xcconfig"; sourceTree = "<group>"; };
		C24B33D737A5D000A64ACA91 /* libPods-GMatchingKitTests.a */ = {isa = PBXFileReference; explicitFileType = archive.ar; includeInIndex = 0; path = "libPods-GMatchingKitTests.a"; sourceTree = BUILT_PRODUCTS_DIR; };
		EF071CA1E3C0DD70587CB7B1 /* libPods-GMatchingKit.a */ = {isa = PBXFileReference; explicitFileType = archive.ar; includeInIndex = 0; path = "libPods-GMatchingKit.a"; sourceTree = BUILT_PRODUCTS_DIR; };
/* End PBXFileReference section */

/* Begin PBXFrameworksBuildPhase section */
		2BDCBEE92085CBCC000055FE /* Frameworks */ = {
			isa = PBXFrameworksBuildPhase;
			buildActionMask = 2147483647;
			files = (
				02D7A22F66DED972D805131B /* libPods-GMatchingKit.a in Frameworks */,
			);
			runOnlyForDeploymentPostprocessing = 0;
		};
		2BDCBF012085CBCC000055FE /* Frameworks */ = {
			isa = PBXFrameworksBuildPhase;
			buildActionMask = 2147483647;
			files = (
				D9EE9A88DAED319625C76BFB /* libPods-GMatchingKitTests.a in Frameworks */,
			);
			runOnlyForDeploymentPostprocessing = 0;
		};
		2BDCBF0C2085CBCC000055FE /* Frameworks */ = {
			isa = PBXFrameworksBuildPhase;
			buildActionMask = 2147483647;
			files = (
				7B0B2F30F9B62C9FCC9F4660 /* libPods-GMatchingKitUITests.a in Frameworks */,
			);
			runOnlyForDeploymentPostprocessing = 0;
		};
/* End PBXFrameworksBuildPhase section */

/* Begin PBXGroup section */
		211870CFD7E7FAF94400699E /* Pods */ = {
			isa = PBXGroup;
			children = (
				15521A27C26DF5E313CAD70D /* Pods-GMatchingKit.debug.xcconfig */,
				1A2FA2F53126F58C35067FAA /* Pods-GMatchingKit.release.xcconfig */,
				3107DEF745C41A58A1148128 /* Pods-GMatchingKitTests.debug.xcconfig */,
				7BA8A70578836C9687DBA984 /* Pods-GMatchingKitTests.release.xcconfig */,
				6ADC22C63C98FD7BD274C69A /* Pods-GMatchingKitUITests.debug.xcconfig */,
				A88D99C1A7CB7CD406EEF740 /* Pods-GMatchingKitUITests.release.xcconfig */,
			);
			path = Pods;
			sourceTree = "<group>";
		};
		2BDCBEE32085CBCC000055FE = {
			isa = PBXGroup;
			children = (
				2BDCBEEE2085CBCC000055FE /* GMatchingKit */,
				2BDCBF072085CBCC000055FE /* GMatchingKitTests */,
				2BDCBF122085CBCC000055FE /* GMatchingKitUITests */,
				2BDCBEED2085CBCC000055FE /* Products */,
				211870CFD7E7FAF94400699E /* Pods */,
				EEE8F0677E7E94A93C067E2C /* Frameworks */,
			);
			sourceTree = "<group>";
		};
		2BDCBEED2085CBCC000055FE /* Products */ = {
			isa = PBXGroup;
			children = (
				2BDCBEEC2085CBCC000055FE /* GMatchingKit.app */,
				2BDCBF042085CBCC000055FE /* GMatchingKitTests.xctest */,
				2BDCBF0F2085CBCC000055FE /* GMatchingKitUITests.xctest */,
			);
			name = Products;
			sourceTree = "<group>";
		};
		2BDCBEEE2085CBCC000055FE /* GMatchingKit */ = {
			isa = PBXGroup;
			children = (
				2BDE30B623546B2E00112C77 /* ZYAttributedManager */,
				2BDCBF5A20877645000055FE /* GMatching */,
				2BDCBEEF2085CBCC000055FE /* AppDelegate.h */,
				2BDCBEF02085CBCC000055FE /* AppDelegate.m */,
				2BDCBEF22085CBCC000055FE /* ViewController.h */,
				2BDCBEF32085CBCC000055FE /* ViewController.m */,
				2BDE30C123546C4200112C77 /* ZYRichLabelController.h */,
				2BDE30C023546C4200112C77 /* ZYRichLabelController.m */,
				2BDCBF7320877800000055FE /* SearchStringTest.h */,
				2BDCBF7420877800000055FE /* SearchStringTest.m */,
				2BDCBEF52085CBCC000055FE /* Main.storyboard */,
				2BDCBEF82085CBCC000055FE /* Assets.xcassets */,
				2BDCBEFA2085CBCC000055FE /* LaunchScreen.storyboard */,
				2BDCBEFD2085CBCC000055FE /* Info.plist */,
				2BDCBEFE2085CBCC000055FE /* main.m */,
			);
			path = GMatchingKit;
			sourceTree = "<group>";
		};
		2BDCBF072085CBCC000055FE /* GMatchingKitTests */ = {
			isa = PBXGroup;
			children = (
				2BDCBF082085CBCC000055FE /* GMatchingKitTests.m */,
				2BDCBF0A2085CBCC000055FE /* Info.plist */,
			);
			path = GMatchingKitTests;
			sourceTree = "<group>";
		};
		2BDCBF122085CBCC000055FE /* GMatchingKitUITests */ = {
			isa = PBXGroup;
			children = (
				2BDCBF132085CBCC000055FE /* GMatchingKitUITests.m */,
				2BDCBF152085CBCC000055FE /* Info.plist */,
			);
			path = GMatchingKitUITests;
			sourceTree = "<group>";
		};
		2BDCBF5A20877645000055FE /* GMatching */ = {
			isa = PBXGroup;
			children = (
				2BDCBF5B20877645000055FE /* GMatcherProcessor */,
				2BDCBF6320877645000055FE /* GMatcherUtil */,
				2BDCBF6A20877645000055FE /* GMatcherExpression.h */,
				2BDCBF6B20877645000055FE /* GMatcherExpression.m */,
			);
			path = GMatching;
			sourceTree = SOURCE_ROOT;
		};
		2BDCBF5B20877645000055FE /* GMatcherProcessor */ = {
			isa = PBXGroup;
			children = (
				2BDCBF6120877645000055FE /* IMatcherProcessor.h */,
				2BDCBF992088953B000055FE /* IMatcherObject.h */,
				2BDCBF5F20877645000055FE /* GACMatcherProcessor.h */,
				2BDCBF5C20877645000055FE /* GACMatcherProcessor.m */,
				2BDCBF5D20877645000055FE /* GRegexMatcherProcessor.h */,
				2BDCBF6020877645000055FE /* GRegexMatcherProcessor.m */,
				2BDCBF9A20889963000055FE /* GKMPMatcherProcessor.h */,
				2BDCBF9B20889963000055FE /* GKMPMatcherProcessor.m */,
			);
			path = GMatcherProcessor;
			sourceTree = "<group>";
		};
		2BDCBF6320877645000055FE /* GMatcherUtil */ = {
			isa = PBXGroup;
			children = (
				2BDCBF6720877645000055FE /* GThreadSafeArray.h */,
				2BDCBF6420877645000055FE /* GThreadSafeArray.m */,
				2BDCBF6620877645000055FE /* GThreadSafeDictionary.h */,
				2BDCBF6920877645000055FE /* GThreadSafeDictionary.m */,
				2BDCBF6520877645000055FE /* GMatcherResult.h */,
				2BDCBF6820877645000055FE /* GMatcherResult.m */,
			);
			path = GMatcherUtil;
			sourceTree = "<group>";
		};
		2BDE30B623546B2E00112C77 /* ZYAttributedManager */ = {
			isa = PBXGroup;
			children = (
				2BDE30BA23546B2E00112C77 /* ZYAttributedFactory.h */,
				2BDE30B723546B2E00112C77 /* ZYAttributedFactory.m */,
				2BDE30B823546B2E00112C77 /* ZYAttributedConfig.h */,
				2BDE30BC23546B2E00112C77 /* ZYAttributedConfig.m */,
				2BDE30B923546B2E00112C77 /* ZYAttributedToken.h */,
				2BDE30BB23546B2E00112C77 /* ZYAttributedToken.m */,
				2BDE30C323546E6D00112C77 /* ZYTokenAppearance.h */,
				2BDE30C423546E6D00112C77 /* ZYTokenAppearance.m */,
			);
			path = ZYAttributedManager;
			sourceTree = SOURCE_ROOT;
		};
		EEE8F0677E7E94A93C067E2C /* Frameworks */ = {
			isa = PBXGroup;
			children = (
				EF071CA1E3C0DD70587CB7B1 /* libPods-GMatchingKit.a */,
				C24B33D737A5D000A64ACA91 /* libPods-GMatchingKitTests.a */,
				9B3D140B9B50E5D4BD25AA80 /* libPods-GMatchingKitUITests.a */,
			);
			name = Frameworks;
			sourceTree = "<group>";
		};
/* End PBXGroup section */

/* Begin PBXNativeTarget section */
		2BDCBEEB2085CBCC000055FE /* GMatchingKit */ = {
			isa = PBXNativeTarget;
			buildConfigurationList = 2BDCBF182085CBCC000055FE /* Build configuration list for PBXNativeTarget "GMatchingKit" */;
			buildPhases = (
				67D47AF95ED57896A1748287 /* [CP] Check Pods Manifest.lock */,
				2BDCBEE82085CBCC000055FE /* Sources */,
				2BDCBEE92085CBCC000055FE /* Frameworks */,
				2BDCBEEA2085CBCC000055FE /* Resources */,
			);
			buildRules = (
			);
			dependencies = (
			);
			name = GMatchingKit;
			productName = GMatchingKit;
			productReference = 2BDCBEEC2085CBCC000055FE /* GMatchingKit.app */;
			productType = "com.apple.product-type.application";
		};
		2BDCBF032085CBCC000055FE /* GMatchingKitTests */ = {
			isa = PBXNativeTarget;
			buildConfigurationList = 2BDCBF1B2085CBCC000055FE /* Build configuration list for PBXNativeTarget "GMatchingKitTests" */;
			buildPhases = (
				B92A58C2DD4D23D2E5818FB1 /* [CP] Check Pods Manifest.lock */,
				2BDCBF002085CBCC000055FE /* Sources */,
				2BDCBF012085CBCC000055FE /* Frameworks */,
				2BDCBF022085CBCC000055FE /* Resources */,
			);
			buildRules = (
			);
			dependencies = (
				2BDCBF062085CBCC000055FE /* PBXTargetDependency */,
			);
			name = GMatchingKitTests;
			productName = GMatchingKitTests;
			productReference = 2BDCBF042085CBCC000055FE /* GMatchingKitTests.xctest */;
			productType = "com.apple.product-type.bundle.unit-test";
		};
		2BDCBF0E2085CBCC000055FE /* GMatchingKitUITests */ = {
			isa = PBXNativeTarget;
			buildConfigurationList = 2BDCBF1E2085CBCC000055FE /* Build configuration list for PBXNativeTarget "GMatchingKitUITests" */;
			buildPhases = (
				2AC90967F9F6E305566AA11E /* [CP] Check Pods Manifest.lock */,
				2BDCBF0B2085CBCC000055FE /* Sources */,
				2BDCBF0C2085CBCC000055FE /* Frameworks */,
				2BDCBF0D2085CBCC000055FE /* Resources */,
			);
			buildRules = (
			);
			dependencies = (
				2BDCBF112085CBCC000055FE /* PBXTargetDependency */,
			);
			name = GMatchingKitUITests;
			productName = GMatchingKitUITests;
			productReference = 2BDCBF0F2085CBCC000055FE /* GMatchingKitUITests.xctest */;
			productType = "com.apple.product-type.bundle.ui-testing";
		};
/* End PBXNativeTarget section */

/* Begin PBXProject section */
		2BDCBEE42085CBCC000055FE /* Project object */ = {
			isa = PBXProject;
			attributes = {
				LastUpgradeCheck = 0920;
				ORGANIZATIONNAME = GIKI;
				TargetAttributes = {
					2BDCBEEB2085CBCC000055FE = {
						CreatedOnToolsVersion = 9.2;
						ProvisioningStyle = Automatic;
					};
					2BDCBF032085CBCC000055FE = {
						CreatedOnToolsVersion = 9.2;
						ProvisioningStyle = Automatic;
						TestTargetID = 2BDCBEEB2085CBCC000055FE;
					};
					2BDCBF0E2085CBCC000055FE = {
						CreatedOnToolsVersion = 9.2;
						ProvisioningStyle = Automatic;
						TestTargetID = 2BDCBEEB2085CBCC000055FE;
					};
				};
			};
			buildConfigurationList = 2BDCBEE72085CBCC000055FE /* Build configuration list for PBXProject "GMatchingKit" */;
			compatibilityVersion = "Xcode 8.0";
			developmentRegion = en;
			hasScannedForEncodings = 0;
			knownRegions = (
				en,
				Base,
			);
			mainGroup = 2BDCBEE32085CBCC000055FE;
			productRefGroup = 2BDCBEED2085CBCC000055FE /* Products */;
			projectDirPath = "";
			projectRoot = "";
			targets = (
				2BDCBEEB2085CBCC000055FE /* GMatchingKit */,
				2BDCBF032085CBCC000055FE /* GMatchingKitTests */,
				2BDCBF0E2085CBCC000055FE /* GMatchingKitUITests */,
			);
		};
/* End PBXProject section */

/* Begin PBXResourcesBuildPhase section */
		2BDCBEEA2085CBCC000055FE /* Resources */ = {
			isa = PBXResourcesBuildPhase;
			buildActionMask = 2147483647;
			files = (
				2BDCBEFC2085CBCC000055FE /* LaunchScreen.storyboard in Resources */,
				2BDCBEF92085CBCC000055FE /* Assets.xcassets in Resources */,
				2BDCBEF72085CBCC000055FE /* Main.storyboard in Resources */,
			);
			runOnlyForDeploymentPostprocessing = 0;
		};
		2BDCBF022085CBCC000055FE /* Resources */ = {
			isa = PBXResourcesBuildPhase;
			buildActionMask = 2147483647;
			files = (
			);
			runOnlyForDeploymentPostprocessing = 0;
		};
		2BDCBF0D2085CBCC000055FE /* Resources */ = {
			isa = PBXResourcesBuildPhase;
			buildActionMask = 2147483647;
			files = (
			);
			runOnlyForDeploymentPostprocessing = 0;
		};
/* End PBXResourcesBuildPhase section */

/* Begin PBXShellScriptBuildPhase section */
		2AC90967F9F6E305566AA11E /* [CP] Check Pods Manifest.lock */ = {
			isa = PBXShellScriptBuildPhase;
			buildActionMask = 2147483647;
			files = (
			);
			inputFileListPaths = (
			);
			inputPaths = (
				"${PODS_PODFILE_DIR_PATH}/Podfile.lock",
				"${PODS_ROOT}/Manifest.lock",
			);
			name = "[CP] Check Pods Manifest.lock";
			outputFileListPaths = (
			);
			outputPaths = (
				"$(DERIVED_FILE_DIR)/Pods-GMatchingKitUITests-checkManifestLockResult.txt",
			);
			runOnlyForDeploymentPostprocessing = 0;
			shellPath = /bin/sh;
			shellScript = "diff \"${PODS_PODFILE_DIR_PATH}/Podfile.lock\" \"${PODS_ROOT}/Manifest.lock\" > /dev/null\nif [ $? != 0 ] ; then\n    # print error to STDERR\n    echo \"error: The sandbox is not in sync with the Podfile.lock. Run 'pod install' or update your CocoaPods installation.\" >&2\n    exit 1\nfi\n# This output is used by Xcode 'outputs' to avoid re-running this script phase.\necho \"SUCCESS\" > \"${SCRIPT_OUTPUT_FILE_0}\"\n";
			showEnvVarsInLog = 0;
		};
		67D47AF95ED57896A1748287 /* [CP] Check Pods Manifest.lock */ = {
			isa = PBXShellScriptBuildPhase;
			buildActionMask = 2147483647;
			files = (
			);
			inputFileListPaths = (
			);
			inputPaths = (
				"${PODS_PODFILE_DIR_PATH}/Podfile.lock",
				"${PODS_ROOT}/Manifest.lock",
			);
			name = "[CP] Check Pods Manifest.lock";
			outputFileListPaths = (
			);
			outputPaths = (
				"$(DERIVED_FILE_DIR)/Pods-GMatchingKit-checkManifestLockResult.txt",
			);
			runOnlyForDeploymentPostprocessing = 0;
			shellPath = /bin/sh;
			shellScript = "diff \"${PODS_PODFILE_DIR_PATH}/Podfile.lock\" \"${PODS_ROOT}/Manifest.lock\" > /dev/null\nif [ $? != 0 ] ; then\n    # print error to STDERR\n    echo \"error: The sandbox is not in sync with the Podfile.lock. Run 'pod install' or update your CocoaPods installation.\" >&2\n    exit 1\nfi\n# This output is used by Xcode 'outputs' to avoid re-running this script phase.\necho \"SUCCESS\" > \"${SCRIPT_OUTPUT_FILE_0}\"\n";
			showEnvVarsInLog = 0;
		};
		B92A58C2DD4D23D2E5818FB1 /* [CP] Check Pods Manifest.lock */ = {
			isa = PBXShellScriptBuildPhase;
			buildActionMask = 2147483647;
			files = (
			);
			inputFileListPaths = (
			);
			inputPaths = (
				"${PODS_PODFILE_DIR_PATH}/Podfile.lock",
				"${PODS_ROOT}/Manifest.lock",
			);
			name = "[CP] Check Pods Manifest.lock";
			outputFileListPaths = (
			);
			outputPaths = (
				"$(DERIVED_FILE_DIR)/Pods-GMatchingKitTests-checkManifestLockResult.txt",
			);
			runOnlyForDeploymentPostprocessing = 0;
			shellPath = /bin/sh;
			shellScript = "diff \"${PODS_PODFILE_DIR_PATH}/Podfile.lock\" \"${PODS_ROOT}/Manifest.lock\" > /dev/null\nif [ $? != 0 ] ; then\n    # print error to STDERR\n    echo \"error: The sandbox is not in sync with the Podfile.lock. Run 'pod install' or update your CocoaPods installation.\" >&2\n    exit 1\nfi\n# This output is used by Xcode 'outputs' to avoid re-running this script phase.\necho \"SUCCESS\" > \"${SCRIPT_OUTPUT_FILE_0}\"\n";
			showEnvVarsInLog = 0;
		};
/* End PBXShellScriptBuildPhase section */

/* Begin PBXSourcesBuildPhase section */
		2BDCBEE82085CBCC000055FE /* Sources */ = {
			isa = PBXSourcesBuildPhase;
			buildActionMask = 2147483647;
			files = (
				2BDCBF7520877800000055FE /* SearchStringTest.m in Sources */,
				2BDCBF6D20877645000055FE /* GRegexMatcherProcessor.m in Sources */,
				2BDE30C523546E6D00112C77 /* ZYTokenAppearance.m in Sources */,
				2BDCBEF42085CBCC000055FE /* ViewController.m in Sources */,
				2BDE30BD23546B2E00112C77 /* ZYAttributedFactory.m in Sources */,
				2BDCBEFF2085CBCC000055FE /* main.m in Sources */,
				2BDCBF9C20889963000055FE /* GKMPMatcherProcessor.m in Sources */,
				2BDE30BF23546B2E00112C77 /* ZYAttributedConfig.m in Sources */,
				2BDCBF7120877645000055FE /* GThreadSafeDictionary.m in Sources */,
				2BDCBEF12085CBCC000055FE /* AppDelegate.m in Sources */,
				2BDCBF7220877645000055FE /* GMatcherExpression.m in Sources */,
				2BDE30C223546C4200112C77 /* ZYRichLabelController.m in Sources */,
				2BDE30BE23546B2E00112C77 /* ZYAttributedToken.m in Sources */,
				2BDCBF7020877645000055FE /* GMatcherResult.m in Sources */,
				2BDCBF6F20877645000055FE /* GThreadSafeArray.m in Sources */,
				2BDCBF6C20877645000055FE /* GACMatcherProcessor.m in Sources */,
			);
			runOnlyForDeploymentPostprocessing = 0;
		};
		2BDCBF002085CBCC000055FE /* Sources */ = {
			isa = PBXSourcesBuildPhase;
			buildActionMask = 2147483647;
			files = (
				2BDCBF092085CBCC000055FE /* GMatchingKitTests.m in Sources */,
			);
			runOnlyForDeploymentPostprocessing = 0;
		};
		2BDCBF0B2085CBCC000055FE /* Sources */ = {
			isa = PBXSourcesBuildPhase;
			buildActionMask = 2147483647;
			files = (
				2BDCBF142085CBCC000055FE /* GMatchingKitUITests.m in Sources */,
			);
			runOnlyForDeploymentPostprocessing = 0;
		};
/* End PBXSourcesBuildPhase section */

/* Begin PBXTargetDependency section */
		2BDCBF062085CBCC000055FE /* PBXTargetDependency */ = {
			isa = PBXTargetDependency;
			target = 2BDCBEEB2085CBCC000055FE /* GMatchingKit */;
			targetProxy = 2BDCBF052085CBCC000055FE /* PBXContainerItemProxy */;
		};
		2BDCBF112085CBCC000055FE /* PBXTargetDependency */ = {
			isa = PBXTargetDependency;
			target = 2BDCBEEB2085CBCC000055FE /* GMatchingKit */;
			targetProxy = 2BDCBF102085CBCC000055FE /* PBXContainerItemProxy */;
		};
/* End PBXTargetDependency section */

/* Begin PBXVariantGroup section */
		2BDCBEF52085CBCC000055FE /* Main.storyboard */ = {
			isa = PBXVariantGroup;
			children = (
				2BDCBEF62085CBCC000055FE /* Base */,
			);
			name = Main.storyboard;
			sourceTree = "<group>";
		};
		2BDCBEFA2085CBCC000055FE /* LaunchScreen.storyboard */ = {
			isa = PBXVariantGroup;
			children = (
				2BDCBEFB2085CBCC000055FE /* Base */,
			);
			name = LaunchScreen.storyboard;
			sourceTree = "<group>";
		};
/* End PBXVariantGroup section */

/* Begin XCBuildConfiguration section */
		2BDCBF162085CBCC000055FE /* Debug */ = {
			isa = XCBuildConfiguration;
			buildSettings = {
				ALWAYS_SEARCH_USER_PATHS = NO;
				CLANG_ANALYZER_NONNULL = YES;
				CLANG_ANALYZER_NUMBER_OBJECT_CONVERSION = YES_AGGRESSIVE;
				CLANG_CXX_LANGUAGE_STANDARD = "gnu++14";
				CLANG_CXX_LIBRARY = "libc++";
				CLANG_ENABLE_MODULES = YES;
				CLANG_ENABLE_OBJC_ARC = YES;
				CLANG_WARN_BLOCK_CAPTURE_AUTORELEASING = YES;
				CLANG_WARN_BOOL_CONVERSION = YES;
				CLANG_WARN_COMMA = YES;
				CLANG_WARN_CONSTANT_CONVERSION = YES;
				CLANG_WARN_DIRECT_OBJC_ISA_USAGE = YES_ERROR;
				CLANG_WARN_DOCUMENTATION_COMMENTS = YES;
				CLANG_WARN_EMPTY_BODY = YES;
				CLANG_WARN_ENUM_CONVERSION = YES;
				CLANG_WARN_INFINITE_RECURSION = YES;
				CLANG_WARN_INT_CONVERSION = YES;
				CLANG_WARN_NON_LITERAL_NULL_CONVERSION = YES;
				CLANG_WARN_OBJC_LITERAL_CONVERSION = YES;
				CLANG_WARN_OBJC_ROOT_CLASS = YES_ERROR;
				CLANG_WARN_RANGE_LOOP_ANALYSIS = YES;
				CLANG_WARN_STRICT_PROTOTYPES = YES;
				CLANG_WARN_SUSPICIOUS_MOVE = YES;
				CLANG_WARN_UNGUARDED_AVAILABILITY = YES_AGGRESSIVE;
				CLANG_WARN_UNREACHABLE_CODE = YES;
				CLANG_WARN__DUPLICATE_METHOD_MATCH = YES;
				CODE_SIGN_IDENTITY = "iPhone Developer";
				COPY_PHASE_STRIP = NO;
				DEBUG_INFORMATION_FORMAT = dwarf;
				ENABLE_STRICT_OBJC_MSGSEND = YES;
				ENABLE_TESTABILITY = YES;
				GCC_C_LANGUAGE_STANDARD = gnu11;
				GCC_DYNAMIC_NO_PIC = NO;
				GCC_NO_COMMON_BLOCKS = YES;
				GCC_OPTIMIZATION_LEVEL = 0;
				GCC_PREPROCESSOR_DEFINITIONS = (
					"DEBUG=1",
					"$(inherited)",
				);
				GCC_WARN_64_TO_32_BIT_CONVERSION = YES;
				GCC_WARN_ABOUT_RETURN_TYPE = YES_ERROR;
				GCC_WARN_UNDECLARED_SELECTOR = YES;
				GCC_WARN_UNINITIALIZED_AUTOS = YES_AGGRESSIVE;
				GCC_WARN_UNUSED_FUNCTION = YES;
				GCC_WARN_UNUSED_VARIABLE = YES;
				IPHONEOS_DEPLOYMENT_TARGET = 11.2;
				MTL_ENABLE_DEBUG_INFO = YES;
				ONLY_ACTIVE_ARCH = YES;
				SDKROOT = iphoneos;
			};
			name = Debug;
		};
		2BDCBF172085CBCC000055FE /* Release */ = {
			isa = XCBuildConfiguration;
			buildSettings = {
				ALWAYS_SEARCH_USER_PATHS = NO;
				CLANG_ANALYZER_NONNULL = YES;
				CLANG_ANALYZER_NUMBER_OBJECT_CONVERSION = YES_AGGRESSIVE;
				CLANG_CXX_LANGUAGE_STANDARD = "gnu++14";
				CLANG_CXX_LIBRARY = "libc++";
				CLANG_ENABLE_MODULES = YES;
				CLANG_ENABLE_OBJC_ARC = YES;
				CLANG_WARN_BLOCK_CAPTURE_AUTORELEASING = YES;
				CLANG_WARN_BOOL_CONVERSION = YES;
				CLANG_WARN_COMMA = YES;
				CLANG_WARN_CONSTANT_CONVERSION = YES;
				CLANG_WARN_DIRECT_OBJC_ISA_USAGE = YES_ERROR;
				CLANG_WARN_DOCUMENTATION_COMMENTS = YES;
				CLANG_WARN_EMPTY_BODY = YES;
				CLANG_WARN_ENUM_CONVERSION = YES;
				CLANG_WARN_INFINITE_RECURSION = YES;
				CLANG_WARN_INT_CONVERSION = YES;
				CLANG_WARN_NON_LITERAL_NULL_CONVERSION = YES;
				CLANG_WARN_OBJC_LITERAL_CONVERSION = YES;
				CLANG_WARN_OBJC_ROOT_CLASS = YES_ERROR;
				CLANG_WARN_RANGE_LOOP_ANALYSIS = YES;
				CLANG_WARN_STRICT_PROTOTYPES = YES;
				CLANG_WARN_SUSPICIOUS_MOVE = YES;
				CLANG_WARN_UNGUARDED_AVAILABILITY = YES_AGGRESSIVE;
				CLANG_WARN_UNREACHABLE_CODE = YES;
				CLANG_WARN__DUPLICATE_METHOD_MATCH = YES;
				CODE_SIGN_IDENTITY = "iPhone Developer";
				COPY_PHASE_STRIP = NO;
				DEBUG_INFORMATION_FORMAT = "dwarf-with-dsym";
				ENABLE_NS_ASSERTIONS = NO;
				ENABLE_STRICT_OBJC_MSGSEND = YES;
				GCC_C_LANGUAGE_STANDARD = gnu11;
				GCC_NO_COMMON_BLOCKS = YES;
				GCC_WARN_64_TO_32_BIT_CONVERSION = YES;
				GCC_WARN_ABOUT_RETURN_TYPE = YES_ERROR;
				GCC_WARN_UNDECLARED_SELECTOR = YES;
				GCC_WARN_UNINITIALIZED_AUTOS = YES_AGGRESSIVE;
				GCC_WARN_UNUSED_FUNCTION = YES;
				GCC_WARN_UNUSED_VARIABLE = YES;
				IPHONEOS_DEPLOYMENT_TARGET = 11.2;
				MTL_ENABLE_DEBUG_INFO = NO;
				SDKROOT = iphoneos;
				VALIDATE_PRODUCT = YES;
			};
			name = Release;
		};
		2BDCBF192085CBCC000055FE /* Debug */ = {
			isa = XCBuildConfiguration;
			baseConfigurationReference = 15521A27C26DF5E313CAD70D /* Pods-GMatchingKit.debug.xcconfig */;
			buildSettings = {
				ASSETCATALOG_COMPILER_APPICON_NAME = AppIcon;
				CODE_SIGN_STYLE = Automatic;
				DEVELOPMENT_TEAM = RCF9CM736N;
				INFOPLIST_FILE = GMatchingKit/Info.plist;
				LD_RUNPATH_SEARCH_PATHS = "$(inherited) @executable_path/Frameworks";
				PRODUCT_BUNDLE_IDENTIFIER = GIKI.GMatchingKit;
				PRODUCT_NAME = "$(TARGET_NAME)";
				TARGETED_DEVICE_FAMILY = "1,2";
			};
			name = Debug;
		};
		2BDCBF1A2085CBCC000055FE /* Release */ = {
			isa = XCBuildConfiguration;
			baseConfigurationReference = 1A2FA2F53126F58C35067FAA /* Pods-GMatchingKit.release.xcconfig */;
			buildSettings = {
				ASSETCATALOG_COMPILER_APPICON_NAME = AppIcon;
				CODE_SIGN_STYLE = Automatic;
				DEVELOPMENT_TEAM = RCF9CM736N;
				INFOPLIST_FILE = GMatchingKit/Info.plist;
				LD_RUNPATH_SEARCH_PATHS = "$(inherited) @executable_path/Frameworks";
				PRODUCT_BUNDLE_IDENTIFIER = GIKI.GMatchingKit;
				PRODUCT_NAME = "$(TARGET_NAME)";
				TARGETED_DEVICE_FAMILY = "1,2";
			};
			name = Release;
		};
		2BDCBF1C2085CBCC000055FE /* Debug */ = {
			isa = XCBuildConfiguration;
			baseConfigurationReference = 3107DEF745C41A58A1148128 /* Pods-GMatchingKitTests.debug.xcconfig */;
			buildSettings = {
				BUNDLE_LOADER = "$(TEST_HOST)";
				CODE_SIGN_STYLE = Automatic;
				DEVELOPMENT_TEAM = RCF9CM736N;
				INFOPLIST_FILE = GMatchingKitTests/Info.plist;
				LD_RUNPATH_SEARCH_PATHS = "$(inherited) @executable_path/Frameworks @loader_path/Frameworks";
				PRODUCT_BUNDLE_IDENTIFIER = GIKI.GMatchingKitTests;
				PRODUCT_NAME = "$(TARGET_NAME)";
				TARGETED_DEVICE_FAMILY = "1,2";
				TEST_HOST = "$(BUILT_PRODUCTS_DIR)/GMatchingKit.app/GMatchingKit";
			};
			name = Debug;
		};
		2BDCBF1D2085CBCC000055FE /* Release */ = {
			isa = XCBuildConfiguration;
			baseConfigurationReference = 7BA8A70578836C9687DBA984 /* Pods-GMatchingKitTests.release.xcconfig */;
			buildSettings = {
				BUNDLE_LOADER = "$(TEST_HOST)";
				CODE_SIGN_STYLE = Automatic;
				DEVELOPMENT_TEAM = RCF9CM736N;
				INFOPLIST_FILE = GMatchingKitTests/Info.plist;
				LD_RUNPATH_SEARCH_PATHS = "$(inherited) @executable_path/Frameworks @loader_path/Frameworks";
				PRODUCT_BUNDLE_IDENTIFIER = GIKI.GMatchingKitTests;
				PRODUCT_NAME = "$(TARGET_NAME)";
				TARGETED_DEVICE_FAMILY = "1,2";
				TEST_HOST = "$(BUILT_PRODUCTS_DIR)/GMatchingKit.app/GMatchingKit";
			};
			name = Release;
		};
		2BDCBF1F2085CBCC000055FE /* Debug */ = {
			isa = XCBuildConfiguration;
			baseConfigurationReference = 6ADC22C63C98FD7BD274C69A /* Pods-GMatchingKitUITests.debug.xcconfig */;
			buildSettings = {
				CODE_SIGN_STYLE = Automatic;
				DEVELOPMENT_TEAM = RCF9CM736N;
				INFOPLIST_FILE = GMatchingKitUITests/Info.plist;
				LD_RUNPATH_SEARCH_PATHS = "$(inherited) @executable_path/Frameworks @loader_path/Frameworks";
				PRODUCT_BUNDLE_IDENTIFIER = GIKI.GMatchingKitUITests;
				PRODUCT_NAME = "$(TARGET_NAME)";
				TARGETED_DEVICE_FAMILY = "1,2";
				TEST_TARGET_NAME = GMatchingKit;
			};
			name = Debug;
		};
		2BDCBF202085CBCC000055FE /* Release */ = {
			isa = XCBuildConfiguration;
			baseConfigurationReference = A88D99C1A7CB7CD406EEF740 /* Pods-GMatchingKitUITests.release.xcconfig */;
			buildSettings = {
				CODE_SIGN_STYLE = Automatic;
				DEVELOPMENT_TEAM = RCF9CM736N;
				INFOPLIST_FILE = GMatchingKitUITests/Info.plist;
				LD_RUNPATH_SEARCH_PATHS = "$(inherited) @executable_path/Frameworks @loader_path/Frameworks";
				PRODUCT_BUNDLE_IDENTIFIER = GIKI.GMatchingKitUITests;
				PRODUCT_NAME = "$(TARGET_NAME)";
				TARGETED_DEVICE_FAMILY = "1,2";
				TEST_TARGET_NAME = GMatchingKit;
			};
			name = Release;
		};
/* End XCBuildConfiguration section */

/* Begin XCConfigurationList section */
		2BDCBEE72085CBCC000055FE /* Build configuration list for PBXProject "GMatchingKit" */ = {
			isa = XCConfigurationList;
			buildConfigurations = (
				2BDCBF162085CBCC000055FE /* Debug */,
				2BDCBF172085CBCC000055FE /* Release */,
			);
			defaultConfigurationIsVisible = 0;
			defaultConfigurationName = Release;
		};
		2BDCBF182085CBCC000055FE /* Build configuration list for PBXNativeTarget "GMatchingKit" */ = {
			isa = XCConfigurationList;
			buildConfigurations = (
				2BDCBF192085CBCC000055FE /* Debug */,
				2BDCBF1A2085CBCC000055FE /* Release */,
			);
			defaultConfigurationIsVisible = 0;
			defaultConfigurationName = Release;
		};
		2BDCBF1B2085CBCC000055FE /* Build configuration list for PBXNativeTarget "GMatchingKitTests" */ = {
			isa = XCConfigurationList;
			buildConfigurations = (
				2BDCBF1C2085CBCC000055FE /* Debug */,
				2BDCBF1D2085CBCC000055FE /* Release */,
			);
			defaultConfigurationIsVisible = 0;
			defaultConfigurationName = Release;
		};
		2BDCBF1E2085CBCC000055FE /* Build configuration list for PBXNativeTarget "GMatchingKitUITests" */ = {
			isa = XCConfigurationList;
			buildConfigurations = (
				2BDCBF1F2085CBCC000055FE /* Debug */,
				2BDCBF202085CBCC000055FE /* Release */,
			);
			defaultConfigurationIsVisible = 0;
			defaultConfigurationName = Release;
		};
/* End XCConfigurationList section */
	};
	rootObject = 2BDCBEE42085CBCC000055FE /* Project object */;
}
